
Microsoft Visual Studio Solution File, Format Version 12.00
# Visual Studio Version 16
VisualStudioVersion = 16.0.31129.286
MinimumVisualStudioVersion = 10.0.40219.1
Project("{FAE04EC0-301F-11D3-BF4B-00C04F79EFBC}") = "foodisgood", "foodisgood\foodisgood.csproj", "{379ED699-69A8-4F2A-9823-CF24FDDC5425}"
EndProject
Global
	GlobalSection(SolutionConfigurationPlatforms) = preSolution
		Debug|Any CPU = Debug|Any CPU
		Release|Any CPU = Release|Any CPU
	EndGlobalSection
	GlobalSection(ProjectConfigurationPlatforms) = postSolution
		{379ED699-69A8-4F2A-9823-CF24FDDC5425}.Debug|Any CPU.ActiveCfg = Debug|Any CPU
		{379ED699-69A8-4F2A-9823-CF24FDDC5425}.Debug|Any CPU.Build.0 = Debug|Any CPU
		{379ED699-69A8-4F2A-9823-CF24FDDC5425}.Release|Any CPU.ActiveCfg = Release|Any CPU
		{379ED699-69A8-4F2A-9823-CF24FDDC5425}.Release|Any CPU.Build.0 = Release|Any CPU
	EndGlobalSection
	GlobalSection(SolutionProperties) = preSolution
		HideSolutionNode = FALSE
	EndGlobalSection
	GlobalSection(ExtensibilityGlobals) = postSolution
		SolutionGuid = {FD491EBD-92CA-4A18-890D-94E2BB478B6E}
	EndGlobalSection
EndGlobal
